
Microsoft Visual Studio Solution File, Format Version 12.00
Project("{FAE04EC0-301F-11D3-BF4B-00C04F79EFBC}") = "practice1_Batko_Daniel_KN24", "practice1_Batko_Daniel_KN24\practice1_Batko_Daniel_KN24.csproj", "{AF66FD19-5CEB-4EE5-A31D-FEB714ADADD7}"
EndProject
Global
	GlobalSection(SolutionConfigurationPlatforms) = preSolution
		Debug|Any CPU = Debug|Any CPU
		Release|Any CPU = Release|Any CPU
	EndGlobalSection
	GlobalSection(ProjectConfigurationPlatforms) = postSolution
		{AF66FD19-5CEB-4EE5-A31D-FEB714ADADD7}.Debug|Any CPU.ActiveCfg = Debug|Any CPU
		{AF66FD19-5CEB-4EE5-A31D-FEB714ADADD7}.Debug|Any CPU.Build.0 = Debug|Any CPU
		{AF66FD19-5CEB-4EE5-A31D-FEB714ADADD7}.Release|Any CPU.ActiveCfg = Release|Any CPU
		{AF66FD19-5CEB-4EE5-A31D-FEB714ADADD7}.Release|Any CPU.Build.0 = Release|Any CPU
	EndGlobalSection
EndGlobal
